<?xml version="1.0" encoding="utf-8"?>
<Project ToolsVersion="4.0" xmlns="http://schemas.microsoft.com/developer/msbuild/2003">
  <ItemGroup>
    <Filter Include="Source Files">
      <UniqueIdentifier>{4FC737F1-C7A5-4376-A066-2A32D752A2FF}</UniqueIdentifier>
      <Extensions>cpp;c;cc;cxx;def;odl;idl;hpj;bat;asm;asmx</Extensions>
    </Filter>
    <Filter Include="Header Files">
      <UniqueIdentifier>{93995380-89BD-4b04-88EB-625FBE52EBFB}</UniqueIdentifier>
      <Extensions>h;hh;hpp;hxx;hm;inl;inc;xsd</Extensions>
    </Filter>
    <Filter Include="Resource Files">
      <UniqueIdentifier>{67DA6AB6-F800-4c08-8B7A-83BB121AAD01}</UniqueIdentifier>
      <Extensions>rc;ico;cur;bmp;dlg;rc2;rct;bin;rgs;gif;jpg;jpeg;jpe;resx;tiff;tif;png;wav;mfcribbon-ms</Extensions>
    </Filter>
    <Filter Include="Header Files\Server">
      <UniqueIdentifier>{a08f870b-30de-4332-84cd-0c889d551f6c}</UniqueIdentifier>
    </Filter>
    <Filter Include="Source Files\Server">
      <UniqueIdentifier>{8d503634-f52e-45e7-8429-303480c79978}</UniqueIdentifier>
    </Filter>
    <Filter Include="Header Files\Client">
      <UniqueIdentifier>{eb573129-c187-4b67-be94-7ef6ca119961}</UniqueIdentifier>
    </Filter>
    <Filter Include="Source Files\Client">
      <UniqueIdentifier>{ea28cb2d-b34c-4164-af9a-c00fc6886ef4}</UniqueIdentifier>
    </Filter>
  </ItemGroup>
  <ItemGroup>
    <ClCompile Include="Source1.cpp">
      <Filter>Source Files</Filter>
    </ClCompile>
    <ClCompile Include="Client.cpp">
      <Filter>Source Files\Server</Filter>
    </ClCompile>
    <ClCompile Include="SConBox.cpp">
      <Filter>Source Files\Server</Filter>
    </ClCompile>
    <ClCompile Include="SCurve.cpp">
      <Filter>Source Files\Server</Filter>
    </ClCompile>
    <ClCompile Include="CollisionMap.cpp">
      <Filter>Source Files\Server</Filter>
    </ClCompile>
    <ClCompile Include="SCurveCollection.cpp">
      <Filter>Source Files\Server</Filter>
    </ClCompile>
    <ClCompile Include="SMatch.cpp">
      <Filter>Source Files\Server</Filter>
    </ClCompile>
    <ClCompile Include="ClientGui.cpp">
      <Filter>Source Files\Client</Filter>
    </ClCompile>
    <ClCompile Include="CommunicationBox.cpp">
      <Filter>Source Files\Client</Filter>
    </ClCompile>
    <ClCompile Include="Match.cpp">
      <Filter>Source Files\Client</Filter>
    </ClCompile>
    <ClCompile Include="CoolMat.cpp">
      <Filter>Source Files</Filter>
    </ClCompile>
    <ClCompile Include="MyMat.cpp">
      <Filter>Source Files</Filter>
    </ClCompile>
    <ClCompile Include="Bot.cpp">
      <Filter>Source Files\Server</Filter>
    </ClCompile>
    <ClCompile Include="ClientCurve.cpp">
      <Filter>Source Files\Client</Filter>
    </ClCompile>
    <ClCompile Include="Curve.cpp">
      <Filter>Source Files</Filter>
    </ClCompile>
    <ClCompile Include="LocalCurve.cpp">
      <Filter>Source Files\Client</Filter>
    </ClCompile>
    <ClCompile Include="CurveCollection.cpp">
      <Filter>Source Files\Client</Filter>
    </ClCompile>
    <ClCompile Include="Patterns.cpp">
      <Filter>Source Files</Filter>
    </ClCompile>
    <ClCompile Include="Camera.cpp">
      <Filter>Source Files\Client</Filter>
    </ClCompile>
    <ClCompile Include="BotBrain.cpp">
      <Filter>Source Files\Server</Filter>
    </ClCompile>
    <ClCompile Include="Sphere.cpp">
      <Filter>Source Files\Client</Filter>
    </ClCompile>
    <ClCompile Include="ScoreGui.cpp">
      <Filter>Source Files\Client</Filter>
    </ClCompile>
    <ClCompile Include="Menu.cpp">
      <Filter>Source Files</Filter>
    </ClCompile>
    <ClCompile Include="Material.cpp">
      <Filter>Source Files</Filter>
    </ClCompile>
    <ClCompile Include="FuturePositions.cpp">
      <Filter>Source Files</Filter>
    </ClCompile>
    <ClCompile Include="MinMax.cpp">
      <Filter>Source Files</Filter>
    </ClCompile>
    <ClCompile Include="CurvePath.cpp">
      <Filter>Source Files</Filter>
    </ClCompile>
  </ItemGroup>
  <ItemGroup>
    <ClInclude Include="Constants1.h">
      <Filter>Header Files</Filter>
    </ClInclude>
    <ClInclude Include="Client.h">
      <Filter>Header Files\Server</Filter>
    </ClInclude>
    <ClInclude Include="SConBox.h">
      <Filter>Header Files\Server</Filter>
    </ClInclude>
    <ClInclude Include="SCurve.h">
      <Filter>Header Files\Server</Filter>
    </ClInclude>
    <ClInclude Include="CollisionMap.h">
      <Filter>Header Files\Server</Filter>
    </ClInclude>
    <ClInclude Include="SCurveCollection.h">
      <Filter>Header Files\Server</Filter>
    </ClInclude>
    <ClInclude Include="SMatch.h">
      <Filter>Header Files\Server</Filter>
    </ClInclude>
    <ClInclude Include="ClientGui.h">
      <Filter>Header Files\Client</Filter>
    </ClInclude>
    <ClInclude Include="CommunicationBox.h">
      <Filter>Header Files\Client</Filter>
    </ClInclude>
    <ClInclude Include="LocalCurve.h">
      <Filter>Header Files\Client</Filter>
    </ClInclude>
    <ClInclude Include="Bot.h">
      <Filter>Header Files\Server</Filter>
    </ClInclude>
    <ClInclude Include="CoolMat.h">
      <Filter>Header Files</Filter>
    </ClInclude>
    <ClInclude Include="MyMat.h">
      <Filter>Header Files</Filter>
    </ClInclude>
    <ClInclude Include="ClientCurve.h">
      <Filter>Header Files\Client</Filter>
    </ClInclude>
    <ClInclude Include="Curve.h">
      <Filter>Header Files</Filter>
    </ClInclude>
    <ClInclude Include="CurveCollection.h">
      <Filter>Header Files\Client</Filter>
    </ClInclude>
    <ClInclude Include="Patterns.h">
      <Filter>Header Files</Filter>
    </ClInclude>
    <ClInclude Include="Match.h">
      <Filter>Header Files\Client</Filter>
    </ClInclude>
    <ClInclude Include="Camera.h">
      <Filter>Header Files\Client</Filter>
    </ClInclude>
    <ClInclude Include="IMatch.h">
      <Filter>Header Files</Filter>
    </ClInclude>
    <ClInclude Include="BotBrain.h">
      <Filter>Header Files\Server</Filter>
    </ClInclude>
    <ClInclude Include="Sphere.h">
      <Filter>Header Files\Client</Filter>
    </ClInclude>
    <ClInclude Include="Globals.h">
      <Filter>Header Files</Filter>
    </ClInclude>
    <ClInclude Include="ScoreGui.h">
      <Filter>Header Files\Client</Filter>
    </ClInclude>
    <ClInclude Include="Menu.h">
      <Filter>Header Files</Filter>
    </ClInclude>
    <ClInclude Include="Material.h">
      <Filter>Header Files</Filter>
    </ClInclude>
    <ClInclude Include="FuturePositions.h">
      <Filter>Header Files</Filter>
    </ClInclude>
    <ClInclude Include="MinMax.h">
      <Filter>Header Files</Filter>
    </ClInclude>
    <ClInclude Include="CurvePath.h">
      <Filter>Header Files</Filter>
    </ClInclude>
  </ItemGroup>
  <ItemGroup>
    <None Include="ClassDiagram1.cd" />
    <None Include="ClassDiagram11.cd" />
  </ItemGroup>
</Project>